// !$*UTF8*$!
{
	archiveVersion = 1;
	classes = {
	};
	objectVersion = 46;
	objects = {

/* Begin PBXBuildFile section */
		7541D2091CEC6EE600992C6C /* main.m in Sources */ = {isa = PBXBuildFile; fileRef = 7541D2081CEC6EE600992C6C /* main.m */; };
		7541D20C1CEC6EE600992C6C /* AppDelegate.m in Sources */ = {isa = PBXBuildFile; fileRef = 7541D20B1CEC6EE600992C6C /* AppDelegate.m */; };
		7541D20F1CEC6EE600992C6C /* ViewController.m in Sources */ = {isa = PBXBuildFile; fileRef = 7541D20E1CEC6EE600992C6C /* ViewController.m */; };
		7541D2121CEC6EE600992C6C /* Main.storyboard in Resources */ = {isa = PBXBuildFile; fileRef = 7541D2101CEC6EE600992C6C /* Main.storyboard */; };
		7541D2141CEC6EE600992C6C /* Assets.xcassets in Resources */ = {isa = PBXBuildFile; fileRef = 7541D2131CEC6EE600992C6C /* Assets.xcassets */; };
		7541D2171CEC6EE600992C6C /* LaunchScreen.storyboard in Resources */ = {isa = PBXBuildFile; fileRef = 7541D2151CEC6EE600992C6C /* LaunchScreen.storyboard */; };
		7541D2221CEC6EE600992C6C /* expandCellSizeTests.m in Sources */ = {isa = PBXBuildFile; fileRef = 7541D2211CEC6EE600992C6C /* expandCellSizeTests.m */; };
		7541D22D1CEC6EE600992C6C /* expandCellSizeUITests.m in Sources */ = {isa = PBXBuildFile; fileRef = 7541D22C1CEC6EE600992C6C /* expandCellSizeUITests.m */; };
/* End PBXBuildFile section */

/* Begin PBXContainerItemProxy section */
		7541D21E1CEC6EE600992C6C /* PBXContainerItemProxy */ = {
			isa = PBXContainerItemProxy;
			containerPortal = 7541D1FC1CEC6EE600992C6C /* Project object */;
			proxyType = 1;
			remoteGlobalIDString = 7541D2031CEC6EE600992C6C;
			remoteInfo = expandCellSize;
		};
		7541D2291CEC6EE600992C6C /* PBXContainerItemProxy */ = {
			isa = PBXContainerItemProxy;
			containerPortal = 7541D1FC1CEC6EE600992C6C /* Project object */;
			proxyType = 1;
			remoteGlobalIDString = 7541D2031CEC6EE600992C6C;
			remoteInfo = expandCellSize;
		};
/* End PBXContainerItemProxy section */

/* Begin PBXFileReference section */
		7541D2041CEC6EE600992C6C /* expandCellSize.app */ = {isa = PBXFileReference; explicitFileType = wrapper.application; includeInIndex = 0; path = expandCellSize.app; sourceTree = BUILT_PRODUCTS_DIR; };
		7541D2081CEC6EE600992C6C /* main.m */ = {isa = PBXFileReference; lastKnownFileType = sourcecode.c.objc; path = main.m; sourceTree = "<group>"; };
		7541D20A1CEC6EE600992C6C /* AppDelegate.h */ = {isa = PBXFileReference; lastKnownFileType = sourcecode.c.h; path = AppDelegate.h; sourceTree = "<group>"; };
		7541D20B1CEC6EE600992C6C /* AppDelegate.m */ = {isa = PBXFileReference; lastKnownFileType = sourcecode.c.objc; path = AppDelegate.m; sourceTree = "<group>"; };
		7541D20D1CEC6EE600992C6C /* ViewController.h */ = {isa = PBXFileReference; lastKnownFileType = sourcecode.c.h; path = ViewController.h; sourceTree = "<group>"; };
		7541D20E1CEC6EE600992C6C /* ViewController.m */ = {isa = PBXFileReference; lastKnownFileType = sourcecode.c.objc; path = ViewController.m; sourceTree = "<group>"; };
		7541D2111CEC6EE600992C6C /* Base */ = {isa = PBXFileReference; lastKnownFileType = file.storyboard; name = Base; path = Base.lproj/Main.storyboard; sourceTree = "<group>"; };
		7541D2131CEC6EE600992C6C /* Assets.xcassets */ = {isa = PBXFileReference; lastKnownFileType = folder.assetcatalog; path = Assets.xcassets; sourceTree = "<group>"; };
		7541D2161CEC6EE600992C6C /* Base */ = {isa = PBXFileReference; lastKnownFileType = file.storyboard; name = Base; path = Base.lproj/LaunchScreen.storyboard; sourceTree = "<group>"; };
		7541D2181CEC6EE600992C6C /* Info.plist */ = {isa = PBXFileReference; lastKnownFileType = text.plist.xml; path = Info.plist; sourceTree = "<group>"; };
		7541D21D1CEC6EE600992C6C /* expandCellSizeTests.xctest */ = {isa = PBXFileReference; explicitFileType = wrapper.cfbundle; includeInIndex = 0; path = expandCellSizeTests.xctest; sourceTree = BUILT_PRODUCTS_DIR; };
		7541D2211CEC6EE600992C6C /* expandCellSizeTests.m */ = {isa = PBXFileReference; lastKnownFileType = sourcecode.c.objc; path = expandCellSizeTests.m; sourceTree = "<group>"; };
		7541D2231CEC6EE600992C6C /* Info.plist */ = {isa = PBXFileReference; lastKnownFileType = text.plist.xml; path = Info.plist; sourceTree = "<group>"; };
		7541D2281CEC6EE600992C6C /* expandCellSizeUITests.xctest */ = {isa = PBXFileReference; explicitFileType = wrapper.cfbundle; includeInIndex = 0; path = expandCellSizeUITests.xctest; sourceTree = BUILT_PRODUCTS_DIR; };
		7541D22C1CEC6EE600992C6C /* expandCellSizeUITests.m */ = {isa = PBXFileReference; lastKnownFileType = sourcecode.c.objc; path = expandCellSizeUITests.m; sourceTree = "<group>"; };
		7541D22E1CEC6EE600992C6C /* Info.plist */ = {isa = PBXFileReference; lastKnownFileType = text.plist.xml; path = Info.plist; sourceTree = "<group>"; };
/* End PBXFileReference section */

/* Begin PBXFrameworksBuildPhase section */
		7541D2011CEC6EE600992C6C /* Frameworks */ = {
			isa = PBXFrameworksBuildPhase;
			buildActionMask = 2147483647;
			files = (
			);
			runOnlyForDeploymentPostprocessing = 0;
		};
		7541D21A1CEC6EE600992C6C /* Frameworks */ = {
			isa = PBXFrameworksBuildPhase;
			buildActionMask = 2147483647;
			files = (
			);
			runOnlyForDeploymentPostprocessing = 0;
		};
		7541D2251CEC6EE600992C6C /* Frameworks */ = {
			isa = PBXFrameworksBuildPhase;
			buildActionMask = 2147483647;
			files = (
			);
			runOnlyForDeploymentPostprocessing = 0;
		};
/* End PBXFrameworksBuildPhase section */

/* Begin PBXGroup section */
		7541D1FB1CEC6EE600992C6C = {
			isa = PBXGroup;
			children = (
				7541D2061CEC6EE600992C6C /* expandCellSize */,
				7541D2201CEC6EE600992C6C /* expandCellSizeTests */,
				7541D22B1CEC6EE600992C6C /* expandCellSizeUITests */,
				7541D2051CEC6EE600992C6C /* Products */,
			);
			sourceTree = "<group>";
		};
		7541D2051CEC6EE600992C6C /* Products */ = {
			isa = PBXGroup;
			children = (
				7541D2041CEC6EE600992C6C /* expandCellSize.app */,
				7541D21D1CEC6EE600992C6C /* expandCellSizeTests.xctest */,
				7541D2281CEC6EE600992C6C /* expandCellSizeUITests.xctest */,
			);
			name = Products;
			sourceTree = "<group>";
		};
		7541D2061CEC6EE600992C6C /* expandCellSize */ = {
			isa = PBXGroup;
			children = (
				7541D20A1CEC6EE600992C6C /* AppDelegate.h */,
				7541D20B1CEC6EE600992C6C /* AppDelegate.m */,
				7541D20D1CEC6EE600992C6C /* ViewController.h */,
				7541D20E1CEC6EE600992C6C /* ViewController.m */,
				7541D2101CEC6EE600992C6C /* Main.storyboard */,
				7541D2131CEC6EE600992C6C /* Assets.xcassets */,
				7541D2151CEC6EE600992C6C /* LaunchScreen.storyboard */,
				7541D2181CEC6EE600992C6C /* Info.plist */,
				7541D2071CEC6EE600992C6C /* Supporting Files */,
			);
			path = expandCellSize;
			sourceTree = "<group>";
		};
		7541D2071CEC6EE600992C6C /* Supporting Files */ = {
			isa = PBXGroup;
			children = (
				7541D2081CEC6EE600992C6C /* main.m */,
			);
			name = "Supporting Files";
			sourceTree = "<group>";
		};
		7541D2201CEC6EE600992C6C /* expandCellSizeTests */ = {
			isa = PBXGroup;
			children = (
				7541D2211CEC6EE600992C6C /* expandCellSizeTests.m */,
				7541D2231CEC6EE600992C6C /* Info.plist */,
			);
			path = expandCellSizeTests;
			sourceTree = "<group>";
		};
		7541D22B1CEC6EE600992C6C /* expandCellSizeUITests */ = {
			isa = PBXGroup;
			children = (
				7541D22C1CEC6EE600992C6C /* expandCellSizeUITests.m */,
				7541D22E1CEC6EE600992C6C /* Info.plist */,
			);
			path = expandCellSizeUITests;
			sourceTree = "<group>";
		};
/* End PBXGroup section */

/* Begin PBXNativeTarget section */
		7541D2031CEC6EE600992C6C /* expandCellSize */ = {
			isa = PBXNativeTarget;
			buildConfigurationList = 7541D2311CEC6EE600992C6C /* Build configuration list for PBXNativeTarget "expandCellSize" */;
			buildPhases = (
				7541D2001CEC6EE600992C6C /* Sources */,
				7541D2011CEC6EE600992C6C /* Frameworks */,
				7541D2021CEC6EE600992C6C /* Resources */,
			);
			buildRules = (
			);
			dependencies = (
			);
			name = expandCellSize;
			productName = expandCellSize;
			productReference = 7541D2041CEC6EE600992C6C /* expandCellSize.app */;
			productType = "com.apple.product-type.application";
		};
		7541D21C1CEC6EE600992C6C /* expandCellSizeTests */ = {
			isa = PBXNativeTarget;
			buildConfigurationList = 7541D2341CEC6EE600992C6C /* Build configuration list for PBXNativeTarget "expandCellSizeTests" */;
			buildPhases = (
				7541D2191CEC6EE600992C6C /* Sources */,
				7541D21A1CEC6EE600992C6C /* Frameworks */,
				7541D21B1CEC6EE600992C6C /* Resources */,
			);
			buildRules = (
			);
			dependencies = (
				7541D21F1CEC6EE600992C6C /* PBXTargetDependency */,
			);
			name = expandCellSizeTests;
			productName = expandCellSizeTests;
			productReference = 7541D21D1CEC6EE600992C6C /* expandCellSizeTests.xctest */;
			productType = "com.apple.product-type.bundle.unit-test";
		};
		7541D2271CEC6EE600992C6C /* expandCellSizeUITests */ = {
			isa = PBXNativeTarget;
			buildConfigurationList = 7541D2371CEC6EE600992C6C /* Build configuration list for PBXNativeTarget "expandCellSizeUITests" */;
			buildPhases = (
				7541D2241CEC6EE600992C6C /* Sources */,
				7541D2251CEC6EE600992C6C /* Frameworks */,
				7541D2261CEC6EE600992C6C /* Resources */,
			);
			buildRules = (
			);
			dependencies = (
				7541D22A1CEC6EE600992C6C /* PBXTargetDependency */,
			);
			name = expandCellSizeUITests;
			productName = expandCellSizeUITests;
			productReference = 7541D2281CEC6EE600992C6C /* expandCellSizeUITests.xctest */;
			productType = "com.apple.product-type.bundle.ui-testing";
		};
/* End PBXNativeTarget section */

/* Begin PBXProject section */
		7541D1FC1CEC6EE600992C6C /* Project object */ = {
			isa = PBXProject;
			attributes = {
				LastUpgradeCheck = 0730;
				ORGANIZATIONNAME = jucaidao;
				TargetAttributes = {
					7541D2031CEC6EE600992C6C = {
						CreatedOnToolsVersion = 7.3;
					};
					7541D21C1CEC6EE600992C6C = {
						CreatedOnToolsVersion = 7.3;
						TestTargetID = 7541D2031CEC6EE600992C6C;
					};
					7541D2271CEC6EE600992C6C = {
						CreatedOnToolsVersion = 7.3;
						TestTargetID = 7541D2031CEC6EE600992C6C;
					};
				};
			};
			buildConfigurationList = 7541D1FF1CEC6EE600992C6C /* Build configuration list for PBXProject "expandCellSize" */;
			compatibilityVersion = "Xcode 3.2";
			developmentRegion = English;
			hasScannedForEncodings = 0;
			knownRegions = (
				en,
				Base,
			);
			mainGroup = 7541D1FB1CEC6EE600992C6C;
			productRefGroup = 7541D2051CEC6EE600992C6C /* Products */;
			projectDirPath = "";
			projectRoot = "";
			targets = (
				7541D2031CEC6EE600992C6C /* expandCellSize */,
				7541D21C1CEC6EE600992C6C /* expandCellSizeTests */,
				7541D2271CEC6EE600992C6C /* expandCellSizeUITests */,
			);
		};
/* End PBXProject section */

/* Begin PBXResourcesBuildPhase section */
		7541D2021CEC6EE600992C6C /* Resources */ = {
			isa = PBXResourcesBuildPhase;
			buildActionMask = 2147483647;
			files = (
				7541D2171CEC6EE600992C6C /* LaunchScreen.storyboard in Resources */,
				7541D2141CEC6EE600992C6C /* Assets.xcassets in Resources */,
				7541D2121CEC6EE600992C6C /* Main.storyboard in Resources */,
			);
			runOnlyForDeploymentPostprocessing = 0;
		};
		7541D21B1CEC6EE600992C6C /* Resources */ = {
			isa = PBXResourcesBuildPhase;
			buildActionMask = 2147483647;
			files = (
			);
			runOnlyForDeploymentPostprocessing = 0;
		};
		7541D2261CEC6EE600992C6C /* Resources */ = {
			isa = PBXResourcesBuildPhase;
			buildActionMask = 2147483647;
			files = (
			);
			runOnlyForDeploymentPostprocessing = 0;
		};
/* End PBXResourcesBuildPhase section */

/* Begin PBXSourcesBuildPhase section */
		7541D2001CEC6EE600992C6C /* Sources */ = {
			isa = PBXSourcesBuildPhase;
			buildActionMask = 2147483647;
			files = (
				7541D20F1CEC6EE600992C6C /* ViewController.m in Sources */,
				7541D20C1CEC6EE600992C6C /* AppDelegate.m in Sources */,
				7541D2091CEC6EE600992C6C /* main.m in Sources */,
			);
			runOnlyForDeploymentPostprocessing = 0;
		};
		7541D2191CEC6EE600992C6C /* Sources */ = {
			isa = PBXSourcesBuildPhase;
			buildActionMask = 2147483647;
			files = (
				7541D2221CEC6EE600992C6C /* expandCellSizeTests.m in Sources */,
			);
			runOnlyForDeploymentPostprocessing = 0;
		};
		7541D2241CEC6EE600992C6C /* Sources */ = {
			isa = PBXSourcesBuildPhase;
			buildActionMask = 2147483647;
			files = (
				7541D22D1CEC6EE600992C6C /* expandCellSizeUITests.m in Sources */,
			);
			runOnlyForDeploymentPostprocessing = 0;
		};
/* End PBXSourcesBuildPhase section */

/* Begin PBXTargetDependency section */
		7541D21F1CEC6EE600992C6C /* PBXTargetDependency */ = {
			isa = PBXTargetDependency;
			target = 7541D2031CEC6EE600992C6C /* expandCellSize */;
			targetProxy = 7541D21E1CEC6EE600992C6C /* PBXContainerItemProxy */;
		};
		7541D22A1CEC6EE600992C6C /* PBXTargetDependency */ = {
			isa = PBXTargetDependency;
			target = 7541D2031CEC6EE600992C6C /* expandCellSize */;
			targetProxy = 7541D2291CEC6EE600992C6C /* PBXContainerItemProxy */;
		};
/* End PBXTargetDependency section */

/* Begin PBXVariantGroup section */
		7541D2101CEC6EE600992C6C /* Main.storyboard */ = {
			isa = PBXVariantGroup;
			children = (
				7541D2111CEC6EE600992C6C /* Base */,
			);
			name = Main.storyboard;
			sourceTree = "<group>";
		};
		7541D2151CEC6EE600992C6C /* LaunchScreen.storyboard */ = {
			isa = PBXVariantGroup;
			children = (
				7541D2161CEC6EE600992C6C /* Base */,
			);
			name = LaunchScreen.storyboard;
			sourceTree = "<group>";
		};
/* End PBXVariantGroup section */

/* Begin XCBuildConfiguration section */
		7541D22F1CEC6EE600992C6C /* Debug */ = {
			isa = XCBuildConfiguration;
			buildSettings = {
				ALWAYS_SEARCH_USER_PATHS = NO;
				CLANG_ANALYZER_NONNULL = YES;
				CLANG_CXX_LANGUAGE_STANDARD = "gnu++0x";
				CLANG_CXX_LIBRARY = "libc++";
				CLANG_ENABLE_MODULES = YES;
				CLANG_ENABLE_OBJC_ARC = YES;
				CLANG_WARN_BOOL_CONVERSION = YES;
				CLANG_WARN_CONSTANT_CONVERSION = YES;
				CLANG_WARN_DIRECT_OBJC_ISA_USAGE = YES_ERROR;
				CLANG_WARN_EMPTY_BODY = YES;
				CLANG_WARN_ENUM_CONVERSION = YES;
				CLANG_WARN_INT_CONVERSION = YES;
				CLANG_WARN_OBJC_ROOT_CLASS = YES_ERROR;
				CLANG_WARN_UNREACHABLE_CODE = YES;
				CLANG_WARN__DUPLICATE_METHOD_MATCH = YES;
				"CODE_SIGN_IDENTITY[sdk=iphoneos*]" = "iPhone Developer";
				COPY_PHASE_STRIP = NO;
				DEBUG_INFORMATION_FORMAT = dwarf;
				ENABLE_STRICT_OBJC_MSGSEND = YES;
				ENABLE_TESTABILITY = YES;
				GCC_C_LANGUAGE_STANDARD = gnu99;
				GCC_DYNAMIC_NO_PIC = NO;
				GCC_NO_COMMON_BLOCKS = YES;
				GCC_OPTIMIZATION_LEVEL = 0;
				GCC_PREPROCESSOR_DEFINITIONS = (
					"DEBUG=1",
					"$(inherited)",
				);
				GCC_WARN_64_TO_32_BIT_CONVERSION = YES;
				GCC_WARN_ABOUT_RETURN_TYPE = YES_ERROR;
				GCC_WARN_UNDECLARED_SELECTOR = YES;
				GCC_WARN_UNINITIALIZED_AUTOS = YES_AGGRESSIVE;
				GCC_WARN_UNUSED_FUNCTION = YES;
				GCC_WARN_UNUSED_VARIABLE = YES;
				IPHONEOS_DEPLOYMENT_TARGET = 9.3;
				MTL_ENABLE_DEBUG_INFO = YES;
				ONLY_ACTIVE_ARCH = YES;
				SDKROOT = iphoneos;
				TARGETED_DEVICE_FAMILY = "1,2";
			};
			name = Debug;
		};
		7541D2301CEC6EE600992C6C /* Release */ = {
			isa = XCBuildConfiguration;
			buildSettings = {
				ALWAYS_SEARCH_USER_PATHS = NO;
				CLANG_ANALYZER_NONNULL = YES;
				CLANG_CXX_LANGUAGE_STANDARD = "gnu++0x";
				CLANG_CXX_LIBRARY = "libc++";
				CLANG_ENABLE_MODULES = YES;
				CLANG_ENABLE_OBJC_ARC = YES;
				CLANG_WARN_BOOL_CONVERSION = YES;
				CLANG_WARN_CONSTANT_CONVERSION = YES;
				CLANG_WARN_DIRECT_OBJC_ISA_USAGE = YES_ERROR;
				CLANG_WARN_EMPTY_BODY = YES;
				CLANG_WARN_ENUM_CONVERSION = YES;
				CLANG_WARN_INT_CONVERSION = YES;
				CLANG_WARN_OBJC_ROOT_CLASS = YES_ERROR;
				CLANG_WARN_UNREACHABLE_CODE = YES;
				CLANG_WARN__DUPLICATE_METHOD_MATCH = YES;
				"CODE_SIGN_IDENTITY[sdk=iphoneos*]" = "iPhone Developer";
				COPY_PHASE_STRIP = NO;
				DEBUG_INFORMATION_FORMAT = "dwarf-with-dsym";
				ENABLE_NS_ASSERTIONS = NO;
				ENABLE_STRICT_OBJC_MSGSEND = YES;
				GCC_C_LANGUAGE_STANDARD = gnu99;
				GCC_NO_COMMON_BLOCKS = YES;
				GCC_WARN_64_TO_32_BIT_CONVERSION = YES;
				GCC_WARN_ABOUT_RETURN_TYPE = YES_ERROR;
				GCC_WARN_UNDECLARED_SELECTOR = YES;
				GCC_WARN_UNINITIALIZED_AUTOS = YES_AGGRESSIVE;
				GCC_WARN_UNUSED_FUNCTION = YES;
				GCC_WARN_UNUSED_VARIABLE = YES;
				IPHONEOS_DEPLOYMENT_TARGET = 9.3;
				MTL_ENABLE_DEBUG_INFO = NO;
				SDKROOT = iphoneos;
				TARGETED_DEVICE_FAMILY = "1,2";
				VALIDATE_PRODUCT = YES;
			};
			name = Release;
		};
		7541D2321CEC6EE600992C6C /* Debug */ = {
			isa = XCBuildConfiguration;
			buildSettings = {
				ASSETCATALOG_COMPILER_APPICON_NAME = AppIcon;
				INFOPLIST_FILE = expandCellSize/Info.plist;
				LD_RUNPATH_SEARCH_PATHS = "$(inherited) @executable_path/Frameworks";
				PRODUCT_BUNDLE_IDENTIFIER = com.trubuzz.expandCellSize;
				PRODUCT_NAME = "$(TARGET_NAME)";
			};
			name = Debug;
		};
		7541D2331CEC6EE600992C6C /* Release */ = {
			isa = XCBuildConfiguration;
			buildSettings = {
				ASSETCATALOG_COMPILER_APPICON_NAME = AppIcon;
				INFOPLIST_FILE = expandCellSize/Info.plist;
				LD_RUNPATH_SEARCH_PATHS = "$(inherited) @executable_path/Frameworks";
				PRODUCT_BUNDLE_IDENTIFIER = com.trubuzz.expandCellSize;
				PRODUCT_NAME = "$(TARGET_NAME)";
			};
			name = Release;
		};
		7541D2351CEC6EE600992C6C /* Debug */ = {
			isa = XCBuildConfiguration;
			buildSettings = {
				BUNDLE_LOADER = "$(TEST_HOST)";
				INFOPLIST_FILE = expandCellSizeTests/Info.plist;
				LD_RUNPATH_SEARCH_PATHS = "$(inherited) @executable_path/Frameworks @loader_path/Frameworks";
				PRODUCT_BUNDLE_IDENTIFIER = com.trubuzz.expandCellSizeTests;
				PRODUCT_NAME = "$(TARGET_NAME)";
				TEST_HOST = "$(BUILT_PRODUCTS_DIR)/expandCellSize.app/expandCellSize";
			};
			name = Debug;
		};
		7541D2361CEC6EE600992C6C /* Release */ = {
			isa = XCBuildConfiguration;
			buildSettings = {
				BUNDLE_LOADER = "$(TEST_HOST)";
				INFOPLIST_FILE = expandCellSizeTests/Info.plist;
				LD_RUNPATH_SEARCH_PATHS = "$(inherited) @executable_path/Frameworks @loader_path/Frameworks";
				PRODUCT_BUNDLE_IDENTIFIER = com.trubuzz.expandCellSizeTests;
				PRODUCT_NAME = "$(TARGET_NAME)";
				TEST_HOST = "$(BUILT_PRODUCTS_DIR)/expandCellSize.app/expandCellSize";
			};
			name = Release;
		};
		7541D2381CEC6EE600992C6C /* Debug */ = {
			isa = XCBuildConfiguration;
			buildSettings = {
				INFOPLIST_FILE = expandCellSizeUITests/Info.plist;
				LD_RUNPATH_SEARCH_PATHS = "$(inherited) @executable_path/Frameworks @loader_path/Frameworks";
				PRODUCT_BUNDLE_IDENTIFIER = com.trubuzz.expandCellSizeUITests;
				PRODUCT_NAME = "$(TARGET_NAME)";
				TEST_TARGET_NAME = expandCellSize;
			};
			name = Debug;
		};
		7541D2391CEC6EE600992C6C /* Release */ = {
			isa = XCBuildConfiguration;
			buildSettings = {
				INFOPLIST_FILE = expandCellSizeUITests/Info.plist;
				LD_RUNPATH_SEARCH_PATHS = "$(inherited) @executable_path/Frameworks @loader_path/Frameworks";
				PRODUCT_BUNDLE_IDENTIFIER = com.trubuzz.expandCellSizeUITests;
				PRODUCT_NAME = "$(TARGET_NAME)";
				TEST_TARGET_NAME = expandCellSize;
			};
			name = Release;
		};
/* End XCBuildConfiguration section */

/* Begin XCConfigurationList section */
		7541D1FF1CEC6EE600992C6C /* Build configuration list for PBXProject "expandCellSize" */ = {
			isa = XCConfigurationList;
			buildConfigurations = (
				7541D22F1CEC6EE600992C6C /* Debug */,
				7541D2301CEC6EE600992C6C /* Release */,
			);
			defaultConfigurationIsVisible = 0;
			defaultConfigurationName = Release;
		};
		7541D2311CEC6EE600992C6C /* Build configuration list for PBXNativeTarget "expandCellSize" */ = {
			isa = XCConfigurationList;
			buildConfigurations = (
				7541D2321CEC6EE600992C6C /* Debug */,
				7541D2331CEC6EE600992C6C /* Release */,
			);
			defaultConfigurationIsVisible = 0;
		};
		7541D2341CEC6EE600992C6C /* Build configuration list for PBXNativeTarget "expandCellSizeTests" */ = {
			isa = XCConfigurationList;
			buildConfigurations = (
				7541D2351CEC6EE600992C6C /* Debug */,
				7541D2361CEC6EE600992C6C /* Release */,
			);
			defaultConfigurationIsVisible = 0;
		};
		7541D2371CEC6EE600992C6C /* Build configuration list for PBXNativeTarget "expandCellSizeUITests" */ = {
			isa = XCConfigurationList;
			buildConfigurations = (
				7541D2381CEC6EE600992C6C /* Debug */,
				7541D2391CEC6EE600992C6C /* Release */,
			);
			defaultConfigurationIsVisible = 0;
		};
/* End XCConfigurationList section */
	};
	rootObject = 7541D1FC1CEC6EE600992C6C /* Project object */;
}
